{
  "originHash" : "e1d58c8f46af632411bd64a603be3cf6eaf827eb4a3f195bcf76df5ea8860e79",
  "pins" : [
    {
      "identity" : "lottie-ios",
      "kind" : "remoteSourceControl",
      "location" : "https://github.com/airbnb/lottie-ios",
      "state" : {
        "revision" : "047aa81b77adcbf583a966dfef620d17650cc656",
        "version" : "4.5.1"
      }
    },
    {
      "identity" : "modernribs",
      "kind" : "remoteSourceControl",
      "location" : "https://github.com/DevYeom/ModernRIBs",
      "state" : {
        "branch" : "main",
        "revision" : "8884514a2b98e98dd381f941054a5cbb275eaaf2"
      }
    },
    {
      "identity" : "snapkit",
      "kind" : "remoteSourceControl",
      "location" : "https://github.com/SnapKit/SnapKit",
      "state" : {
        "branch" : "develop",
        "revision" : "3b5120fa082a847059bc0ca02f99561d6be25c5d"
      }
    },
    {
      "identity" : "then",
      "kind" : "remoteSourceControl",
      "location" : "https://github.com/devxoul/Then",
      "state" : {
        "branch" : "master",
        "revision" : "d41ef523faef0f911369f79c0b96815d9dbb6d7a"
      }
    }
  ],
  "version" : 3
}
